
Microsoft Visual Studio Solution File, Format Version 12.00
# Visual Studio Version 16
VisualStudioVersion = 16.0.29609.76
MinimumVisualStudioVersion = 10.0.40219.1
Project("{FAE04EC0-301F-11D3-BF4B-00C04F79EFBC}") = "CodingChallenge", "CodingChallenge.csproj", "{69DC1EA4-F48A-4A3C-99F8-919640E6D332}"
EndProject
Global
	GlobalSection(SolutionConfigurationPlatforms) = preSolution
		Debug|Any CPU = Debug|Any CPU
		Release|Any CPU = Release|Any CPU
	EndGlobalSection
	GlobalSection(ProjectConfigurationPlatforms) = postSolution
		{69DC1EA4-F48A-4A3C-99F8-919640E6D332}.Debug|Any CPU.ActiveCfg = Debug|Any CPU
		{69DC1EA4-F48A-4A3C-99F8-919640E6D332}.Debug|Any CPU.Build.0 = Debug|Any CPU
		{69DC1EA4-F48A-4A3C-99F8-919640E6D332}.Release|Any CPU.ActiveCfg = Release|Any CPU
		{69DC1EA4-F48A-4A3C-99F8-919640E6D332}.Release|Any CPU.Build.0 = Release|Any CPU
	EndGlobalSection
	GlobalSection(SolutionProperties) = preSolution
		HideSolutionNode = FALSE
	EndGlobalSection
	GlobalSection(ExtensibilityGlobals) = postSolution
		SolutionGuid = {F336C900-64D1-4B4F-8C00-002253FB739F}
	EndGlobalSection
EndGlobal
